PODS:
  - Flutter (1.0.0)
  - FlutterPluginRegistrant (0.0.1):
    - Flutter

DEPENDENCIES:
  - Flutter (from `../fi-news-flutter/finews_api/.ios/Flutter`)
  - FlutterPluginRegistrant (from `../fi-news-flutter/finews_api/.ios/Flutter/FlutterPluginRegistrant`)

EXTERNAL SOURCES:
  Flutter:
    :path: "../fi-news-flutter/finews_api/.ios/Flutter"
  FlutterPluginRegistrant:
    :path: "../fi-news-flutter/finews_api/.ios/Flutter/FlutterPluginRegistrant"

SPEC CHECKSUMS:
  Flutter: f04841e97a9d0b0a8025694d0796dd46242b2854
  FlutterPluginRegistrant: 58acfb6cb31ee4ca14f920aba101815efda113ee

PODFILE CHECKSUM: 651803ec10fcd352c0b8215a3f170ab47e305010

COCOAPODS: 1.11.3
